
Microsoft Visual Studio Solution File, Format Version 12.00
# Visual Studio Version 16
VisualStudioVersion = 16.0.30320.27
MinimumVisualStudioVersion = 10.0.40219.1
Project("{8BC9CEB8-8B4A-11D0-8D11-00A0C91BC942}") = "Implicit_DLL_Linking", "Implicit_DLL_Linking.vcxproj", "{C799ED44-329E-44FE-9C4F-BEEB36CDFE25}"
EndProject
Global
	GlobalSection(SolutionConfigurationPlatforms) = preSolution
		Debug|x64 = Debug|x64
		Debug|x86 = Debug|x86
		Release|x64 = Release|x64
		Release|x86 = Release|x86
	EndGlobalSection
	GlobalSection(ProjectConfigurationPlatforms) = postSolution
		{C799ED44-329E-44FE-9C4F-BEEB36CDFE25}.Debug|x64.ActiveCfg = Debug|x64
		{C799ED44-329E-44FE-9C4F-BEEB36CDFE25}.Debug|x64.Build.0 = Debug|x64
		{C799ED44-329E-44FE-9C4F-BEEB36CDFE25}.Debug|x86.ActiveCfg = Debug|Win32
		{C799ED44-329E-44FE-9C4F-BEEB36CDFE25}.Debug|x86.Build.0 = Debug|Win32
		{C799ED44-329E-44FE-9C4F-BEEB36CDFE25}.Release|x64.ActiveCfg = Release|x64
		{C799ED44-329E-44FE-9C4F-BEEB36CDFE25}.Release|x64.Build.0 = Release|x64
		{C799ED44-329E-44FE-9C4F-BEEB36CDFE25}.Release|x86.ActiveCfg = Release|Win32
		{C799ED44-329E-44FE-9C4F-BEEB36CDFE25}.Release|x86.Build.0 = Release|Win32
	EndGlobalSection
	GlobalSection(SolutionProperties) = preSolution
		HideSolutionNode = FALSE
	EndGlobalSection
	GlobalSection(ExtensibilityGlobals) = postSolution
		SolutionGuid = {F6640D65-1E06-4D21-9520-2BBC224A273F}
	EndGlobalSection
EndGlobal
